
Microsoft Visual Studio Solution File, Format Version 12.00
# Visual Studio Version 17
VisualStudioVersion = 17.2.32519.379
MinimumVisualStudioVersion = 10.0.40219.1
Project("{888888A0-9F3D-457C-B088-3A5042F75D52}") = "samostojatelnaja v pare", "samostojatelnaja v pare.pyproj", "{E4187BF6-A9B9-4C50-A055-5D0B3914A1C6}"
EndProject
Global
	GlobalSection(SolutionConfigurationPlatforms) = preSolution
		Debug|Any CPU = Debug|Any CPU
		Release|Any CPU = Release|Any CPU
	EndGlobalSection
	GlobalSection(ProjectConfigurationPlatforms) = postSolution
		{E4187BF6-A9B9-4C50-A055-5D0B3914A1C6}.Debug|Any CPU.ActiveCfg = Debug|Any CPU
		{E4187BF6-A9B9-4C50-A055-5D0B3914A1C6}.Release|Any CPU.ActiveCfg = Release|Any CPU
	EndGlobalSection
	GlobalSection(SolutionProperties) = preSolution
		HideSolutionNode = FALSE
	EndGlobalSection
	GlobalSection(ExtensibilityGlobals) = postSolution
		SolutionGuid = {282C321C-6B7A-49B1-852C-C8F2835E490F}
	EndGlobalSection
EndGlobal
